// !$*UTF8*$!
{
	archiveVersion = 1;
	classes = {
	};
	objectVersion = 46;
	objects = {

/* Begin PBXBuildFile section */
		3F7A00001C567F8A0006B3D9 /* Assets.xcassets in Resources */ = {isa = PBXBuildFile; fileRef = 3F7AFFFF1C567F8A0006B3D9 /* Assets.xcassets */; };
		3F7A00031C567F8A0006B3D9 /* LaunchScreen.storyboard in Resources */ = {isa = PBXBuildFile; fileRef = 3F7A00011C567F8A0006B3D9 /* LaunchScreen.storyboard */; };
		3F7A000E1C567F8A0006B3D9 /* College_Profile_BuilderTests.swift in Sources */ = {isa = PBXBuildFile; fileRef = 3F7A000D1C567F8A0006B3D9 /* College_Profile_BuilderTests.swift */; };
		3F7A00191C567F8A0006B3D9 /* College_Profile_BuilderUITests.swift in Sources */ = {isa = PBXBuildFile; fileRef = 3F7A00181C567F8A0006B3D9 /* College_Profile_BuilderUITests.swift */; };
		3F7A00271C5683770006B3D9 /* CollegeClass.swift in Sources */ = {isa = PBXBuildFile; fileRef = 3F7A00261C5683770006B3D9 /* CollegeClass.swift */; };
		3F7AFFF91C567F8A0006B3D9 /* AppDelegate.swift in Sources */ = {isa = PBXBuildFile; fileRef = 3F7AFFF81C567F8A0006B3D9 /* AppDelegate.swift */; };
		3F7AFFFB1C567F8A0006B3D9 /* ViewController.swift in Sources */ = {isa = PBXBuildFile; fileRef = 3F7AFFFA1C567F8A0006B3D9 /* ViewController.swift */; };
		3F7AFFFE1C567F8A0006B3D9 /* Main.storyboard in Resources */ = {isa = PBXBuildFile; fileRef = 3F7AFFFC1C567F8A0006B3D9 /* Main.storyboard */; };
/* End PBXBuildFile section */

/* Begin PBXContainerItemProxy section */
		3F7A000A1C567F8A0006B3D9 /* PBXContainerItemProxy */ = {
			isa = PBXContainerItemProxy;
			containerPortal = 3F7AFFED1C567F8A0006B3D9 /* Project object */;
			proxyType = 1;
			remoteGlobalIDString = 3F7AFFF41C567F8A0006B3D9;
			remoteInfo = "College Profile Builder";
		};
		3F7A00151C567F8A0006B3D9 /* PBXContainerItemProxy */ = {
			isa = PBXContainerItemProxy;
			containerPortal = 3F7AFFED1C567F8A0006B3D9 /* Project object */;
			proxyType = 1;
			remoteGlobalIDString = 3F7AFFF41C567F8A0006B3D9;
			remoteInfo = "College Profile Builder";
		};
/* End PBXContainerItemProxy section */

/* Begin PBXFileReference section */
		3F7A00021C567F8A0006B3D9 /* Base */ = {isa = PBXFileReference; lastKnownFileType = file.storyboard; name = Base; path = Base.lproj/LaunchScreen.storyboard; sourceTree = "<group>"; };
		3F7A00041C567F8A0006B3D9 /* Info.plist */ = {isa = PBXFileReference; lastKnownFileType = text.plist.xml; path = Info.plist; sourceTree = "<group>"; };
		3F7A00091C567F8A0006B3D9 /* College Profile BuilderTests.xctest */ = {isa = PBXFileReference; explicitFileType = wrapper.cfbundle; includeInIndex = 0; path = "College Profile BuilderTests.xctest"; sourceTree = BUILT_PRODUCTS_DIR; };
		3F7A000D1C567F8A0006B3D9 /* College_Profile_BuilderTests.swift */ = {isa = PBXFileReference; lastKnownFileType = sourcecode.swift; path = College_Profile_BuilderTests.swift; sourceTree = "<group>"; };
		3F7A000F1C567F8A0006B3D9 /* Info.plist */ = {isa = PBXFileReference; lastKnownFileType = text.plist.xml; path = Info.plist; sourceTree = "<group>"; };
		3F7A00141C567F8A0006B3D9 /* College Profile BuilderUITests.xctest */ = {isa = PBXFileReference; explicitFileType = wrapper.cfbundle; includeInIndex = 0; path = "College Profile BuilderUITests.xctest"; sourceTree = BUILT_PRODUCTS_DIR; };
		3F7A00181C567F8A0006B3D9 /* College_Profile_BuilderUITests.swift */ = {isa = PBXFileReference; lastKnownFileType = sourcecode.swift; path = College_Profile_BuilderUITests.swift; sourceTree = "<group>"; };
		3F7A001A1C567F8A0006B3D9 /* Info.plist */ = {isa = PBXFileReference; lastKnownFileType = text.plist.xml; path = Info.plist; sourceTree = "<group>"; };
		3F7A00261C5683770006B3D9 /* CollegeClass.swift */ = {isa = PBXFileReference; fileEncoding = 4; lastKnownFileType = sourcecode.swift; path = CollegeClass.swift; sourceTree = "<group>"; };
		3F7AFFF51C567F8A0006B3D9 /* College Profile Builder.app */ = {isa = PBXFileReference; explicitFileType = wrapper.application; includeInIndex = 0; path = "College Profile Builder.app"; sourceTree = BUILT_PRODUCTS_DIR; };
		3F7AFFF81C567F8A0006B3D9 /* AppDelegate.swift */ = {isa = PBXFileReference; lastKnownFileType = sourcecode.swift; path = AppDelegate.swift; sourceTree = "<group>"; };
		3F7AFFFA1C567F8A0006B3D9 /* ViewController.swift */ = {isa = PBXFileReference; lastKnownFileType = sourcecode.swift; path = ViewController.swift; sourceTree = "<group>"; };
		3F7AFFFD1C567F8A0006B3D9 /* Base */ = {isa = PBXFileReference; lastKnownFileType = file.storyboard; name = Base; path = Base.lproj/Main.storyboard; sourceTree = "<group>"; };
		3F7AFFFF1C567F8A0006B3D9 /* Assets.xcassets */ = {isa = PBXFileReference; lastKnownFileType = folder.assetcatalog; path = Assets.xcassets; sourceTree = "<group>"; };
/* End PBXFileReference section */

/* Begin PBXFrameworksBuildPhase section */
		3F7A00061C567F8A0006B3D9 /* Frameworks */ = {
			isa = PBXFrameworksBuildPhase;
			buildActionMask = 2147483647;
			files = (
			);
			runOnlyForDeploymentPostprocessing = 0;
		};
		3F7A00111C567F8A0006B3D9 /* Frameworks */ = {
			isa = PBXFrameworksBuildPhase;
			buildActionMask = 2147483647;
			files = (
			);
			runOnlyForDeploymentPostprocessing = 0;
		};
		3F7AFFF21C567F8A0006B3D9 /* Frameworks */ = {
			isa = PBXFrameworksBuildPhase;
			buildActionMask = 2147483647;
			files = (
			);
			runOnlyForDeploymentPostprocessing = 0;
		};
/* End PBXFrameworksBuildPhase section */

/* Begin PBXGroup section */
		3F7A000C1C567F8A0006B3D9 /* College Profile BuilderTests */ = {
			isa = PBXGroup;
			children = (
				3F7A000D1C567F8A0006B3D9 /* College_Profile_BuilderTests.swift */,
				3F7A000F1C567F8A0006B3D9 /* Info.plist */,
			);
			path = "College Profile BuilderTests";
			sourceTree = "<group>";
		};
		3F7A00171C567F8A0006B3D9 /* College Profile BuilderUITests */ = {
			isa = PBXGroup;
			children = (
				3F7A00181C567F8A0006B3D9 /* College_Profile_BuilderUITests.swift */,
				3F7A001A1C567F8A0006B3D9 /* Info.plist */,
			);
			path = "College Profile BuilderUITests";
			sourceTree = "<group>";
		};
		3F7AFFEC1C567F8A0006B3D9 = {
			isa = PBXGroup;
			children = (
				3F7AFFF71C567F8A0006B3D9 /* College Profile Builder */,
				3F7A000C1C567F8A0006B3D9 /* College Profile BuilderTests */,
				3F7A00171C567F8A0006B3D9 /* College Profile BuilderUITests */,
				3F7AFFF61C567F8A0006B3D9 /* Products */,
			);
			sourceTree = "<group>";
		};
		3F7AFFF61C567F8A0006B3D9 /* Products */ = {
			isa = PBXGroup;
			children = (
				3F7AFFF51C567F8A0006B3D9 /* College Profile Builder.app */,
				3F7A00091C567F8A0006B3D9 /* College Profile BuilderTests.xctest */,
				3F7A00141C567F8A0006B3D9 /* College Profile BuilderUITests.xctest */,
			);
			name = Products;
			sourceTree = "<group>";
		};
		3F7AFFF71C567F8A0006B3D9 /* College Profile Builder */ = {
			isa = PBXGroup;
			children = (
				3F7AFFF81C567F8A0006B3D9 /* AppDelegate.swift */,
				3F7AFFFA1C567F8A0006B3D9 /* ViewController.swift */,
				3F7AFFFC1C567F8A0006B3D9 /* Main.storyboard */,
				3F7A00261C5683770006B3D9 /* CollegeClass.swift */,
				3F7AFFFF1C567F8A0006B3D9 /* Assets.xcassets */,
				3F7A00011C567F8A0006B3D9 /* LaunchScreen.storyboard */,
				3F7A00041C567F8A0006B3D9 /* Info.plist */,
			);
			path = "College Profile Builder";
			sourceTree = "<group>";
		};
/* End PBXGroup section */

/* Begin PBXNativeTarget section */
		3F7A00081C567F8A0006B3D9 /* College Profile BuilderTests */ = {
			isa = PBXNativeTarget;
			buildConfigurationList = 3F7A00201C567F8B0006B3D9 /* Build configuration list for PBXNativeTarget "College Profile BuilderTests" */;
			buildPhases = (
				3F7A00051C567F8A0006B3D9 /* Sources */,
				3F7A00061C567F8A0006B3D9 /* Frameworks */,
				3F7A00071C567F8A0006B3D9 /* Resources */,
			);
			buildRules = (
			);
			dependencies = (
				3F7A000B1C567F8A0006B3D9 /* PBXTargetDependency */,
			);
			name = "College Profile BuilderTests";
			productName = "College Profile BuilderTests";
			productReference = 3F7A00091C567F8A0006B3D9 /* College Profile BuilderTests.xctest */;
			productType = "com.apple.product-type.bundle.unit-test";
		};
		3F7A00131C567F8A0006B3D9 /* College Profile BuilderUITests */ = {
			isa = PBXNativeTarget;
			buildConfigurationList = 3F7A00231C567F8B0006B3D9 /* Build configuration list for PBXNativeTarget "College Profile BuilderUITests" */;
			buildPhases = (
				3F7A00101C567F8A0006B3D9 /* Sources */,
				3F7A00111C567F8A0006B3D9 /* Frameworks */,
				3F7A00121C567F8A0006B3D9 /* Resources */,
			);
			buildRules = (
			);
			dependencies = (
				3F7A00161C567F8A0006B3D9 /* PBXTargetDependency */,
			);
			name = "College Profile BuilderUITests";
			productName = "College Profile BuilderUITests";
			productReference = 3F7A00141C567F8A0006B3D9 /* College Profile BuilderUITests.xctest */;
			productType = "com.apple.product-type.bundle.ui-testing";
		};
		3F7AFFF41C567F8A0006B3D9 /* College Profile Builder */ = {
			isa = PBXNativeTarget;
			buildConfigurationList = 3F7A001D1C567F8B0006B3D9 /* Build configuration list for PBXNativeTarget "College Profile Builder" */;
			buildPhases = (
				3F7AFFF11C567F8A0006B3D9 /* Sources */,
				3F7AFFF21C567F8A0006B3D9 /* Frameworks */,
				3F7AFFF31C567F8A0006B3D9 /* Resources */,
			);
			buildRules = (
			);
			dependencies = (
			);
			name = "College Profile Builder";
			productName = "College Profile Builder";
			productReference = 3F7AFFF51C567F8A0006B3D9 /* College Profile Builder.app */;
			productType = "com.apple.product-type.application";
		};
/* End PBXNativeTarget section */

/* Begin PBXProject section */
		3F7AFFED1C567F8A0006B3D9 /* Project object */ = {
			isa = PBXProject;
			attributes = {
				LastSwiftUpdateCheck = 0720;
				LastUpgradeCheck = 0720;
				ORGANIZATIONNAME = aHuesing;
				TargetAttributes = {
					3F7A00081C567F8A0006B3D9 = {
						CreatedOnToolsVersion = 7.2;
						TestTargetID = 3F7AFFF41C567F8A0006B3D9;
					};
					3F7A00131C567F8A0006B3D9 = {
						CreatedOnToolsVersion = 7.2;
						TestTargetID = 3F7AFFF41C567F8A0006B3D9;
					};
					3F7AFFF41C567F8A0006B3D9 = {
						CreatedOnToolsVersion = 7.2;
					};
				};
			};
			buildConfigurationList = 3F7AFFF01C567F8A0006B3D9 /* Build configuration list for PBXProject "College Profile Builder" */;
			compatibilityVersion = "Xcode 3.2";
			developmentRegion = English;
			hasScannedForEncodings = 0;
			knownRegions = (
				en,
				Base,
			);
			mainGroup = 3F7AFFEC1C567F8A0006B3D9;
			productRefGroup = 3F7AFFF61C567F8A0006B3D9 /* Products */;
			projectDirPath = "";
			projectRoot = "";
			targets = (
				3F7AFFF41C567F8A0006B3D9 /* College Profile Builder */,
				3F7A00081C567F8A0006B3D9 /* College Profile BuilderTests */,
				3F7A00131C567F8A0006B3D9 /* College Profile BuilderUITests */,
			);
		};
/* End PBXProject section */

/* Begin PBXResourcesBuildPhase section */
		3F7A00071C567F8A0006B3D9 /* Resources */ = {
			isa = PBXResourcesBuildPhase;
			buildActionMask = 2147483647;
			files = (
			);
			runOnlyForDeploymentPostprocessing = 0;
		};
		3F7A00121C567F8A0006B3D9 /* Resources */ = {
			isa = PBXResourcesBuildPhase;
			buildActionMask = 2147483647;
			files = (
			);
			runOnlyForDeploymentPostprocessing = 0;
		};
		3F7AFFF31C567F8A0006B3D9 /* Resources */ = {
			isa = PBXResourcesBuildPhase;
			buildActionMask = 2147483647;
			files = (
				3F7A00031C567F8A0006B3D9 /* LaunchScreen.storyboard in Resources */,
				3F7A00001C567F8A0006B3D9 /* Assets.xcassets in Resources */,
				3F7AFFFE1C567F8A0006B3D9 /* Main.storyboard in Resources */,
			);
			runOnlyForDeploymentPostprocessing = 0;
		};
/* End PBXResourcesBuildPhase section */

/* Begin PBXSourcesBuildPhase section */
		3F7A00051C567F8A0006B3D9 /* Sources */ = {
			isa = PBXSourcesBuildPhase;
			buildActionMask = 2147483647;
			files = (
				3F7A000E1C567F8A0006B3D9 /* College_Profile_BuilderTests.swift in Sources */,
			);
			runOnlyForDeploymentPostprocessing = 0;
		};
		3F7A00101C567F8A0006B3D9 /* Sources */ = {
			isa = PBXSourcesBuildPhase;
			buildActionMask = 2147483647;
			files = (
				3F7A00191C567F8A0006B3D9 /* College_Profile_BuilderUITests.swift in Sources */,
			);
			runOnlyForDeploymentPostprocessing = 0;
		};
		3F7AFFF11C567F8A0006B3D9 /* Sources */ = {
			isa = PBXSourcesBuildPhase;
			buildActionMask = 2147483647;
			files = (
				3F7AFFFB1C567F8A0006B3D9 /* ViewController.swift in Sources */,
				3F7A00271C5683770006B3D9 /* CollegeClass.swift in Sources */,
				3F7AFFF91C567F8A0006B3D9 /* AppDelegate.swift in Sources */,
			);
			runOnlyForDeploymentPostprocessing = 0;
		};
/* End PBXSourcesBuildPhase section */

/* Begin PBXTargetDependency section */
		3F7A000B1C567F8A0006B3D9 /* PBXTargetDependency */ = {
			isa = PBXTargetDependency;
			target = 3F7AFFF41C567F8A0006B3D9 /* College Profile Builder */;
			targetProxy = 3F7A000A1C567F8A0006B3D9 /* PBXContainerItemProxy */;
		};
		3F7A00161C567F8A0006B3D9 /* PBXTargetDependency */ = {
			isa = PBXTargetDependency;
			target = 3F7AFFF41C567F8A0006B3D9 /* College Profile Builder */;
			targetProxy = 3F7A00151C567F8A0006B3D9 /* PBXContainerItemProxy */;
		};
/* End PBXTargetDependency section */

/* Begin PBXVariantGroup section */
		3F7A00011C567F8A0006B3D9 /* LaunchScreen.storyboard */ = {
			isa = PBXVariantGroup;
			children = (
				3F7A00021C567F8A0006B3D9 /* Base */,
			);
			name = LaunchScreen.storyboard;
			sourceTree = "<group>";
		};
		3F7AFFFC1C567F8A0006B3D9 /* Main.storyboard */ = {
			isa = PBXVariantGroup;
			children = (
				3F7AFFFD1C567F8A0006B3D9 /* Base */,
			);
			name = Main.storyboard;
			sourceTree = "<group>";
		};
/* End PBXVariantGroup section */

/* Begin XCBuildConfiguration section */
		3F7A001B1C567F8B0006B3D9 /* Debug */ = {
			isa = XCBuildConfiguration;
			buildSettings = {
				ALWAYS_SEARCH_USER_PATHS = NO;
				CLANG_CXX_LANGUAGE_STANDARD = "gnu++0x";
				CLANG_CXX_LIBRARY = "libc++";
				CLANG_ENABLE_MODULES = YES;
				CLANG_ENABLE_OBJC_ARC = YES;
				CLANG_WARN_BOOL_CONVERSION = YES;
				CLANG_WARN_CONSTANT_CONVERSION = YES;
				CLANG_WARN_DIRECT_OBJC_ISA_USAGE = YES_ERROR;
				CLANG_WARN_EMPTY_BODY = YES;
				CLANG_WARN_ENUM_CONVERSION = YES;
				CLANG_WARN_INT_CONVERSION = YES;
				CLANG_WARN_OBJC_ROOT_CLASS = YES_ERROR;
				CLANG_WARN_UNREACHABLE_CODE = YES;
				CLANG_WARN__DUPLICATE_METHOD_MATCH = YES;
				"CODE_SIGN_IDENTITY[sdk=iphoneos*]" = "iPhone Developer";
				COPY_PHASE_STRIP = NO;
				DEBUG_INFORMATION_FORMAT = dwarf;
				ENABLE_STRICT_OBJC_MSGSEND = YES;
				ENABLE_TESTABILITY = YES;
				GCC_C_LANGUAGE_STANDARD = gnu99;
				GCC_DYNAMIC_NO_PIC = NO;
				GCC_NO_COMMON_BLOCKS = YES;
				GCC_OPTIMIZATION_LEVEL = 0;
				GCC_PREPROCESSOR_DEFINITIONS = (
					"DEBUG=1",
					"$(inherited)",
				);
				GCC_WARN_64_TO_32_BIT_CONVERSION = YES;
				GCC_WARN_ABOUT_RETURN_TYPE = YES_ERROR;
				GCC_WARN_UNDECLARED_SELECTOR = YES;
				GCC_WARN_UNINITIALIZED_AUTOS = YES_AGGRESSIVE;
				GCC_WARN_UNUSED_FUNCTION = YES;
				GCC_WARN_UNUSED_VARIABLE = YES;
				IPHONEOS_DEPLOYMENT_TARGET = 9.2;
				MTL_ENABLE_DEBUG_INFO = YES;
				ONLY_ACTIVE_ARCH = YES;
				SDKROOT = iphoneos;
				SWIFT_OPTIMIZATION_LEVEL = "-Onone";
				TARGETED_DEVICE_FAMILY = "1,2";
			};
			name = Debug;
		};
		3F7A001C1C567F8B0006B3D9 /* Release */ = {
			isa = XCBuildConfiguration;
			buildSettings = {
				ALWAYS_SEARCH_USER_PATHS = NO;
				CLANG_CXX_LANGUAGE_STANDARD = "gnu++0x";
				CLANG_CXX_LIBRARY = "libc++";
				CLANG_ENABLE_MODULES = YES;
				CLANG_ENABLE_OBJC_ARC = YES;
				CLANG_WARN_BOOL_CONVERSION = YES;
				CLANG_WARN_CONSTANT_CONVERSION = YES;
				CLANG_WARN_DIRECT_OBJC_ISA_USAGE = YES_ERROR;
				CLANG_WARN_EMPTY_BODY = YES;
				CLANG_WARN_ENUM_CONVERSION = YES;
				CLANG_WARN_INT_CONVERSION = YES;
				CLANG_WARN_OBJC_ROOT_CLASS = YES_ERROR;
				CLANG_WARN_UNREACHABLE_CODE = YES;
				CLANG_WARN__DUPLICATE_METHOD_MATCH = YES;
				"CODE_SIGN_IDENTITY[sdk=iphoneos*]" = "iPhone Developer";
				COPY_PHASE_STRIP = NO;
				DEBUG_INFORMATION_FORMAT = "dwarf-with-dsym";
				ENABLE_NS_ASSERTIONS = NO;
				ENABLE_STRICT_OBJC_MSGSEND = YES;
				GCC_C_LANGUAGE_STANDARD = gnu99;
				GCC_NO_COMMON_BLOCKS = YES;
				GCC_WARN_64_TO_32_BIT_CONVERSION = YES;
				GCC_WARN_ABOUT_RETURN_TYPE = YES_ERROR;
				GCC_WARN_UNDECLARED_SELECTOR = YES;
				GCC_WARN_UNINITIALIZED_AUTOS = YES_AGGRESSIVE;
				GCC_WARN_UNUSED_FUNCTION = YES;
				GCC_WARN_UNUSED_VARIABLE = YES;
				IPHONEOS_DEPLOYMENT_TARGET = 9.2;
				MTL_ENABLE_DEBUG_INFO = NO;
				SDKROOT = iphoneos;
				TARGETED_DEVICE_FAMILY = "1,2";
				VALIDATE_PRODUCT = YES;
			};
			name = Release;
		};
		3F7A001E1C567F8B0006B3D9 /* Debug */ = {
			isa = XCBuildConfiguration;
			buildSettings = {
				ASSETCATALOG_COMPILER_APPICON_NAME = AppIcon;
				INFOPLIST_FILE = "College Profile Builder/Info.plist";
				LD_RUNPATH_SEARCH_PATHS = "$(inherited) @executable_path/Frameworks";
				PRODUCT_BUNDLE_IDENTIFIER = "no.College-Profile-Builder";
				PRODUCT_NAME = "$(TARGET_NAME)";
			};
			name = Debug;
		};
		3F7A001F1C567F8B0006B3D9 /* Release */ = {
			isa = XCBuildConfiguration;
			buildSettings = {
				ASSETCATALOG_COMPILER_APPICON_NAME = AppIcon;
				INFOPLIST_FILE = "College Profile Builder/Info.plist";
				LD_RUNPATH_SEARCH_PATHS = "$(inherited) @executable_path/Frameworks";
				PRODUCT_BUNDLE_IDENTIFIER = "no.College-Profile-Builder";
				PRODUCT_NAME = "$(TARGET_NAME)";
			};
			name = Release;
		};
		3F7A00211C567F8B0006B3D9 /* Debug */ = {
			isa = XCBuildConfiguration;
			buildSettings = {
				BUNDLE_LOADER = "$(TEST_HOST)";
				INFOPLIST_FILE = "College Profile BuilderTests/Info.plist";
				LD_RUNPATH_SEARCH_PATHS = "$(inherited) @executable_path/Frameworks @loader_path/Frameworks";
				PRODUCT_BUNDLE_IDENTIFIER = "no.College-Profile-BuilderTests";
				PRODUCT_NAME = "$(TARGET_NAME)";
				TEST_HOST = "$(BUILT_PRODUCTS_DIR)/College Profile Builder.app/College Profile Builder";
			};
			name = Debug;
		};
		3F7A00221C567F8B0006B3D9 /* Release */ = {
			isa = XCBuildConfiguration;
			buildSettings = {
				BUNDLE_LOADER = "$(TEST_HOST)";
				INFOPLIST_FILE = "College Profile BuilderTests/Info.plist";
				LD_RUNPATH_SEARCH_PATHS = "$(inherited) @executable_path/Frameworks @loader_path/Frameworks";
				PRODUCT_BUNDLE_IDENTIFIER = "no.College-Profile-BuilderTests";
				PRODUCT_NAME = "$(TARGET_NAME)";
				TEST_HOST = "$(BUILT_PRODUCTS_DIR)/College Profile Builder.app/College Profile Builder";
			};
			name = Release;
		};
		3F7A00241C567F8B0006B3D9 /* Debug */ = {
			isa = XCBuildConfiguration;
			buildSettings = {
				INFOPLIST_FILE = "College Profile BuilderUITests/Info.plist";
				LD_RUNPATH_SEARCH_PATHS = "$(inherited) @executable_path/Frameworks @loader_path/Frameworks";
				PRODUCT_BUNDLE_IDENTIFIER = "no.College-Profile-BuilderUITests";
				PRODUCT_NAME = "$(TARGET_NAME)";
				TEST_TARGET_NAME = "College Profile Builder";
				USES_XCTRUNNER = YES;
			};
			name = Debug;
		};
		3F7A00251C567F8B0006B3D9 /* Release */ = {
			isa = XCBuildConfiguration;
			buildSettings = {
				INFOPLIST_FILE = "College Profile BuilderUITests/Info.plist";
				LD_RUNPATH_SEARCH_PATHS = "$(inherited) @executable_path/Frameworks @loader_path/Frameworks";
				PRODUCT_BUNDLE_IDENTIFIER = "no.College-Profile-BuilderUITests";
				PRODUCT_NAME = "$(TARGET_NAME)";
				TEST_TARGET_NAME = "College Profile Builder";
				USES_XCTRUNNER = YES;
			};
			name = Release;
		};
/* End XCBuildConfiguration section */

/* Begin XCConfigurationList section */
		3F7A001D1C567F8B0006B3D9 /* Build configuration list for PBXNativeTarget "College Profile Builder" */ = {
			isa = XCConfigurationList;
			buildConfigurations = (
				3F7A001E1C567F8B0006B3D9 /* Debug */,
				3F7A001F1C567F8B0006B3D9 /* Release */,
			);
			defaultConfigurationIsVisible = 0;
		};
		3F7A00201C567F8B0006B3D9 /* Build configuration list for PBXNativeTarget "College Profile BuilderTests" */ = {
			isa = XCConfigurationList;
			buildConfigurations = (
				3F7A00211C567F8B0006B3D9 /* Debug */,
				3F7A00221C567F8B0006B3D9 /* Release */,
			);
			defaultConfigurationIsVisible = 0;
		};
		3F7A00231C567F8B0006B3D9 /* Build configuration list for PBXNativeTarget "College Profile BuilderUITests" */ = {
			isa = XCConfigurationList;
			buildConfigurations = (
				3F7A00241C567F8B0006B3D9 /* Debug */,
				3F7A00251C567F8B0006B3D9 /* Release */,
			);
			defaultConfigurationIsVisible = 0;
		};
		3F7AFFF01C567F8A0006B3D9 /* Build configuration list for PBXProject "College Profile Builder" */ = {
			isa = XCConfigurationList;
			buildConfigurations = (
				3F7A001B1C567F8B0006B3D9 /* Debug */,
				3F7A001C1C567F8B0006B3D9 /* Release */,
			);
			defaultConfigurationIsVisible = 0;
			defaultConfigurationName = Release;
		};
/* End XCConfigurationList section */
	};
	rootObject = 3F7AFFED1C567F8A0006B3D9 /* Project object */;
}
